
Microsoft Visual Studio Solution File, Format Version 12.00
# Visual Studio Version 16
VisualStudioVersion = 16.0.31515.178
MinimumVisualStudioVersion = 10.0.40219.1
Project("{FAE04EC0-301F-11D3-BF4B-00C04F79EFBC}") = "SimpleCalculator", "SimpleCalculator.csproj", "{450BE011-13C5-41C4-9FC9-B0E15722B201}"
EndProject
Project("{FAE04EC0-301F-11D3-BF4B-00C04F79EFBC}") = "SimpleCalcualtor.Test.Unit", "..\SimpleCalcualtor.Test.Unit\SimpleCalcualtor.Test.Unit.csproj", "{5A5F3526-E844-4527-A5AB-3BFDC3ABE0E8}"
EndProject
Global
	GlobalSection(SolutionConfigurationPlatforms) = preSolution
		Debug|Any CPU = Debug|Any CPU
		Release|Any CPU = Release|Any CPU
	EndGlobalSection
	GlobalSection(ProjectConfigurationPlatforms) = postSolution
		{450BE011-13C5-41C4-9FC9-B0E15722B201}.Debug|Any CPU.ActiveCfg = Debug|Any CPU
		{450BE011-13C5-41C4-9FC9-B0E15722B201}.Debug|Any CPU.Build.0 = Debug|Any CPU
		{450BE011-13C5-41C4-9FC9-B0E15722B201}.Release|Any CPU.ActiveCfg = Release|Any CPU
		{450BE011-13C5-41C4-9FC9-B0E15722B201}.Release|Any CPU.Build.0 = Release|Any CPU
		{5A5F3526-E844-4527-A5AB-3BFDC3ABE0E8}.Debug|Any CPU.ActiveCfg = Debug|Any CPU
		{5A5F3526-E844-4527-A5AB-3BFDC3ABE0E8}.Debug|Any CPU.Build.0 = Debug|Any CPU
		{5A5F3526-E844-4527-A5AB-3BFDC3ABE0E8}.Release|Any CPU.ActiveCfg = Release|Any CPU
		{5A5F3526-E844-4527-A5AB-3BFDC3ABE0E8}.Release|Any CPU.Build.0 = Release|Any CPU
	EndGlobalSection
	GlobalSection(SolutionProperties) = preSolution
		HideSolutionNode = FALSE
	EndGlobalSection
	GlobalSection(ExtensibilityGlobals) = postSolution
		SolutionGuid = {AC00BD55-B054-433B-9F6D-80E51B77B50D}
	EndGlobalSection
EndGlobal
